// !$*UTF8*$!
{
	archiveVersion = 1;
	classes = {
	};
	objectVersion = 56;
	objects = {

/* Begin PBXBuildFile section */
		60004FF02C662365009AECF2 /* ImageDataTransferable.swift in Sources */ = {isa = PBXBuildFile; fileRef = 60004FEF2C662365009AECF2 /* ImageDataTransferable.swift */; };
		60004FF22C662495009AECF2 /* NetworkConfiguration.swift in Sources */ = {isa = PBXBuildFile; fileRef = 60004FF12C662495009AECF2 /* NetworkConfiguration.swift */; };
		601048712C652FC20028662D /* UIImage++.swift in Sources */ = {isa = PBXBuildFile; fileRef = 601048702C652FC20028662D /* UIImage++.swift */; };
		606329932C7483E8000F4513 /* PatchChallengeUseCase.swift in Sources */ = {isa = PBXBuildFile; fileRef = 606329922C7483E8000F4513 /* PatchChallengeUseCase.swift */; };
		606329952C748E10000F4513 /* DeleteChallengeUseCase.swift in Sources */ = {isa = PBXBuildFile; fileRef = 606329942C748E10000F4513 /* DeleteChallengeUseCase.swift */; };
		608EBF8A2C38709800B862CC /* AppInject.swift in Sources */ = {isa = PBXBuildFile; fileRef = 608EBF892C38709800B862CC /* AppInject.swift */; };
		608EBF8D2C38716100B862CC /* QuestMainView.swift in Sources */ = {isa = PBXBuildFile; fileRef = 608EBF8C2C38716100B862CC /* QuestMainView.swift */; };
		608EBF8F2C38716900B862CC /* QuestDetailView.swift in Sources */ = {isa = PBXBuildFile; fileRef = 608EBF8E2C38716900B862CC /* QuestDetailView.swift */; };
		608EBF912C3871DF00B862CC /* QuestMainViewModel.swift in Sources */ = {isa = PBXBuildFile; fileRef = 608EBF902C3871DF00B862CC /* QuestMainViewModel.swift */; };
		608EBF932C3872D700B862CC /* Quest.swift in Sources */ = {isa = PBXBuildFile; fileRef = 608EBF922C3872D700B862CC /* Quest.swift */; };
		608EBF952C38758100B862CC /* QuestItemView.swift in Sources */ = {isa = PBXBuildFile; fileRef = 608EBF942C38758100B862CC /* QuestItemView.swift */; };
		608EBF972C390C5200B862CC /* QuestDetailViewModel.swift in Sources */ = {isa = PBXBuildFile; fileRef = 608EBF962C390C5200B862CC /* QuestDetailViewModel.swift */; };
		608EBF992C39166F00B862CC /* TextFieldComponent.swift in Sources */ = {isa = PBXBuildFile; fileRef = 608EBF982C39166F00B862CC /* TextFieldComponent.swift */; };
		608EBF9B2C393C2600B862CC /* Button.swift in Sources */ = {isa = PBXBuildFile; fileRef = 608EBF9A2C393C2600B862CC /* Button.swift */; };
		60DA570C2B94124F00EDAF30 /* NetworkError.swift in Sources */ = {isa = PBXBuildFile; fileRef = 60DA570B2B94124F00EDAF30 /* NetworkError.swift */; };
		60DA570E2B94132E00EDAF30 /* Endpoint.swift in Sources */ = {isa = PBXBuildFile; fileRef = 60DA570D2B94132E00EDAF30 /* Endpoint.swift */; };
		60DA57102B94147C00EDAF30 /* TargetType.swift in Sources */ = {isa = PBXBuildFile; fileRef = 60DA570F2B94147C00EDAF30 /* TargetType.swift */; };
		60DA57132B94152000EDAF30 /* HttpHeaderField.swift in Sources */ = {isa = PBXBuildFile; fileRef = 60DA57122B94152000EDAF30 /* HttpHeaderField.swift */; };
		60DB54B12C7272E400AEDFE9 /* NetworkService.swift in Sources */ = {isa = PBXBuildFile; fileRef = 60DB54B02C7272E400AEDFE9 /* NetworkService.swift */; };
		60DB54B52C73763F00AEDFE9 /* ImageRepositoryInterface.swift in Sources */ = {isa = PBXBuildFile; fileRef = 60DB54B42C73763F00AEDFE9 /* ImageRepositoryInterface.swift */; };
		60DB54B82C73788900AEDFE9 /* ImageRepository.swift in Sources */ = {isa = PBXBuildFile; fileRef = 60DB54B72C73788900AEDFE9 /* ImageRepository.swift */; };
		60DB54BB2C7384D900AEDFE9 /* ManageMainView.swift in Sources */ = {isa = PBXBuildFile; fileRef = 60DB54BA2C7384D900AEDFE9 /* ManageMainView.swift */; };
		60DB54BD2C73852900AEDFE9 /* ManageMainViewModel.swift in Sources */ = {isa = PBXBuildFile; fileRef = 60DB54BC2C73852900AEDFE9 /* ManageMainViewModel.swift */; };
		60DB54BF2C73876600AEDFE9 /* ManageListItemView.swift in Sources */ = {isa = PBXBuildFile; fileRef = 60DB54BE2C73876600AEDFE9 /* ManageListItemView.swift */; };
		60DB54C12C7393DB00AEDFE9 /* ManageDetailView.swift in Sources */ = {isa = PBXBuildFile; fileRef = 60DB54C02C7393DB00AEDFE9 /* ManageDetailView.swift */; };
		60DB54C32C73940100AEDFE9 /* ManageDetailViewModel.swift in Sources */ = {isa = PBXBuildFile; fileRef = 60DB54C22C73940100AEDFE9 /* ManageDetailViewModel.swift */; };
		60DB54C52C73BBD600AEDFE9 /* ChallengeDataSource.swift in Sources */ = {isa = PBXBuildFile; fileRef = 60DB54C42C73BBD600AEDFE9 /* ChallengeDataSource.swift */; };
		60DB54C72C73BC4D00AEDFE9 /* ChallengeModel.swift in Sources */ = {isa = PBXBuildFile; fileRef = 60DB54C62C73BC4D00AEDFE9 /* ChallengeModel.swift */; };
		60DB54C92C73BD4F00AEDFE9 /* Challenge.swift in Sources */ = {isa = PBXBuildFile; fileRef = 60DB54C82C73BD4F00AEDFE9 /* Challenge.swift */; };
		60DB54CB2C73BF5500AEDFE9 /* ChallengeTarget.swift in Sources */ = {isa = PBXBuildFile; fileRef = 60DB54CA2C73BF5500AEDFE9 /* ChallengeTarget.swift */; };
		60DB54CD2C73C12600AEDFE9 /* ChallengeRepository.swift in Sources */ = {isa = PBXBuildFile; fileRef = 60DB54CC2C73C12600AEDFE9 /* ChallengeRepository.swift */; };
		60DB54CF2C73C15200AEDFE9 /* ChallengeRepositoryInterface.swift in Sources */ = {isa = PBXBuildFile; fileRef = 60DB54CE2C73C15200AEDFE9 /* ChallengeRepositoryInterface.swift */; };
		60DB54D12C73C1F900AEDFE9 /* GetChallengeUseCase.swift in Sources */ = {isa = PBXBuildFile; fileRef = 60DB54D02C73C1F900AEDFE9 /* GetChallengeUseCase.swift */; };
		60E696A32B97BDC9009DD235 /* ViewAssembly.swift in Sources */ = {isa = PBXBuildFile; fileRef = 60E696A22B97BDC9009DD235 /* ViewAssembly.swift */; };
		60E696A72B97BE08009DD235 /* ViewModelAssembly.swift in Sources */ = {isa = PBXBuildFile; fileRef = 60E696A62B97BE08009DD235 /* ViewModelAssembly.swift */; };
		60E696A92B97BEAE009DD235 /* DependencyInjector.swift in Sources */ = {isa = PBXBuildFile; fileRef = 60E696A82B97BEAE009DD235 /* DependencyInjector.swift */; };
		60E696AD2B97CC88009DD235 /* DataAssembly.swift in Sources */ = {isa = PBXBuildFile; fileRef = 60E696AC2B97CC88009DD235 /* DataAssembly.swift */; };
		60E696AF2B97CDE2009DD235 /* DomainAssembly.swift in Sources */ = {isa = PBXBuildFile; fileRef = 60E696AE2B97CDE2009DD235 /* DomainAssembly.swift */; };
		60E696B12B98958C009DD235 /* ButtonLabelComponent.swift in Sources */ = {isa = PBXBuildFile; fileRef = 60E696B02B98958C009DD235 /* ButtonLabelComponent.swift */; };
		60E696B52B98C583009DD235 /* Bundle++.swift in Sources */ = {isa = PBXBuildFile; fileRef = 60E696B42B98C583009DD235 /* Bundle++.swift */; };
		60E696B72B98C5AD009DD235 /* PrivateToken.plist in Resources */ = {isa = PBXBuildFile; fileRef = 60E696B62B98C5AD009DD235 /* PrivateToken.plist */; };
		60E696BB2B9A1BFE009DD235 /* ImageModel.swift in Sources */ = {isa = PBXBuildFile; fileRef = 60E696BA2B9A1BFE009DD235 /* ImageModel.swift */; };
		60E696BD2B9A1ED4009DD235 /* ImageTarget.swift in Sources */ = {isa = PBXBuildFile; fileRef = 60E696BC2B9A1ED4009DD235 /* ImageTarget.swift */; };
		60E696BF2B9A1FC1009DD235 /* ImageDataSource.swift in Sources */ = {isa = PBXBuildFile; fileRef = 60E696BE2B9A1FC1009DD235 /* ImageDataSource.swift */; };
		60EC51F82B9CB075002CBCA3 /* Swinject in Frameworks */ = {isa = PBXBuildFile; productRef = 60EC51F72B9CB075002CBCA3 /* Swinject */; };
		60EC52002B9D99CE002CBCA3 /* View++.swift in Sources */ = {isa = PBXBuildFile; fileRef = 60EC51FF2B9D99CE002CBCA3 /* View++.swift */; };
		60F27DED2C45691F00711A53 /* QuestModel.swift in Sources */ = {isa = PBXBuildFile; fileRef = 60F27DEC2C45691F00711A53 /* QuestModel.swift */; };
		60F27DEF2C45F1A900711A53 /* CommonResponse.swift in Sources */ = {isa = PBXBuildFile; fileRef = 60F27DEE2C45F1A900711A53 /* CommonResponse.swift */; };
		60F27DF12C45FADC00711A53 /* QuestTarget.swift in Sources */ = {isa = PBXBuildFile; fileRef = 60F27DF02C45FADC00711A53 /* QuestTarget.swift */; };
		60F27DF32C45FD0E00711A53 /* QuestDataSource.swift in Sources */ = {isa = PBXBuildFile; fileRef = 60F27DF22C45FD0E00711A53 /* QuestDataSource.swift */; };
		60F27DF52C4602DD00711A53 /* GetQuestUseCase.swift in Sources */ = {isa = PBXBuildFile; fileRef = 60F27DF42C4602DD00711A53 /* GetQuestUseCase.swift */; };
		60F27DF72C46031A00711A53 /* QuestRepositoryInterface.swift in Sources */ = {isa = PBXBuildFile; fileRef = 60F27DF62C46031A00711A53 /* QuestRepositoryInterface.swift */; };
		60F27DF92C46039400711A53 /* QuestRepository.swift in Sources */ = {isa = PBXBuildFile; fileRef = 60F27DF82C46039400711A53 /* QuestRepository.swift */; };
		60F27DFB2C4616D500711A53 /* PostQuestUseCase.swift in Sources */ = {isa = PBXBuildFile; fileRef = 60F27DFA2C4616D500711A53 /* PostQuestUseCase.swift */; };
		60F27DFD2C461B2B00711A53 /* DeleteQuestUseCase.swift in Sources */ = {isa = PBXBuildFile; fileRef = 60F27DFC2C461B2B00711A53 /* DeleteQuestUseCase.swift */; };
		E5C5039B2B467FFD00F47989 /* Alamofire in Frameworks */ = {isa = PBXBuildFile; productRef = E5C5039A2B467FFD00F47989 /* Alamofire */; };
		E5DD825A2B34DCCA00A026C2 /* MatQ_AdminApp.swift in Sources */ = {isa = PBXBuildFile; fileRef = E5DD82592B34DCCA00A026C2 /* MatQ_AdminApp.swift */; };
		E5DD825C2B34DCCA00A026C2 /* MainView.swift in Sources */ = {isa = PBXBuildFile; fileRef = E5DD825B2B34DCCA00A026C2 /* MainView.swift */; };
		E5DD825E2B34DCCB00A026C2 /* Assets.xcassets in Resources */ = {isa = PBXBuildFile; fileRef = E5DD825D2B34DCCB00A026C2 /* Assets.xcassets */; };
		E5DD82612B34DCCB00A026C2 /* Preview Assets.xcassets in Resources */ = {isa = PBXBuildFile; fileRef = E5DD82602B34DCCB00A026C2 /* Preview Assets.xcassets */; };
		E5DD82742B3509A700A026C2 /* PopupComponent.swift in Sources */ = {isa = PBXBuildFile; fileRef = E5DD82732B3509A700A026C2 /* PopupComponent.swift */; };
		E5DD82762B3509F600A026C2 /* InfoComponent.swift in Sources */ = {isa = PBXBuildFile; fileRef = E5DD82752B3509F600A026C2 /* InfoComponent.swift */; };
		E5DD827B2B350A9E00A026C2 /* NavigationStackRouter.swift in Sources */ = {isa = PBXBuildFile; fileRef = E5DD827A2B350A9E00A026C2 /* NavigationStackRouter.swift */; };
		E5DD827F2B350D7200A026C2 /* NavigationBarComponent.swift in Sources */ = {isa = PBXBuildFile; fileRef = E5DD827E2B350D7200A026C2 /* NavigationBarComponent.swift */; };
/* End PBXBuildFile section */

/* Begin PBXCopyFilesBuildPhase section */
		60EC51F42B9CAE5A002CBCA3 /* Embed Frameworks */ = {
			isa = PBXCopyFilesBuildPhase;
			buildActionMask = 2147483647;
			dstPath = "";
			dstSubfolderSpec = 10;
			files = (
			);
			name = "Embed Frameworks";
			runOnlyForDeploymentPostprocessing = 0;
		};
/* End PBXCopyFilesBuildPhase section */

/* Begin PBXFileReference section */
		60004FEF2C662365009AECF2 /* ImageDataTransferable.swift */ = {isa = PBXFileReference; lastKnownFileType = sourcecode.swift; path = ImageDataTransferable.swift; sourceTree = "<group>"; };
		60004FF12C662495009AECF2 /* NetworkConfiguration.swift */ = {isa = PBXFileReference; lastKnownFileType = sourcecode.swift; path = NetworkConfiguration.swift; sourceTree = "<group>"; };
		601048702C652FC20028662D /* UIImage++.swift */ = {isa = PBXFileReference; lastKnownFileType = sourcecode.swift; path = "UIImage++.swift"; sourceTree = "<group>"; };
		606329922C7483E8000F4513 /* PatchChallengeUseCase.swift */ = {isa = PBXFileReference; lastKnownFileType = sourcecode.swift; path = PatchChallengeUseCase.swift; sourceTree = "<group>"; };
		606329942C748E10000F4513 /* DeleteChallengeUseCase.swift */ = {isa = PBXFileReference; lastKnownFileType = sourcecode.swift; path = DeleteChallengeUseCase.swift; sourceTree = "<group>"; };
		608EBF892C38709800B862CC /* AppInject.swift */ = {isa = PBXFileReference; lastKnownFileType = sourcecode.swift; path = AppInject.swift; sourceTree = "<group>"; };
		608EBF8C2C38716100B862CC /* QuestMainView.swift */ = {isa = PBXFileReference; lastKnownFileType = sourcecode.swift; path = QuestMainView.swift; sourceTree = "<group>"; };
		608EBF8E2C38716900B862CC /* QuestDetailView.swift */ = {isa = PBXFileReference; lastKnownFileType = sourcecode.swift; path = QuestDetailView.swift; sourceTree = "<group>"; };
		608EBF902C3871DF00B862CC /* QuestMainViewModel.swift */ = {isa = PBXFileReference; lastKnownFileType = sourcecode.swift; path = QuestMainViewModel.swift; sourceTree = "<group>"; };
		608EBF922C3872D700B862CC /* Quest.swift */ = {isa = PBXFileReference; lastKnownFileType = sourcecode.swift; path = Quest.swift; sourceTree = "<group>"; };
		608EBF942C38758100B862CC /* QuestItemView.swift */ = {isa = PBXFileReference; lastKnownFileType = sourcecode.swift; path = QuestItemView.swift; sourceTree = "<group>"; };
		608EBF962C390C5200B862CC /* QuestDetailViewModel.swift */ = {isa = PBXFileReference; lastKnownFileType = sourcecode.swift; path = QuestDetailViewModel.swift; sourceTree = "<group>"; };
		608EBF982C39166F00B862CC /* TextFieldComponent.swift */ = {isa = PBXFileReference; lastKnownFileType = sourcecode.swift; path = TextFieldComponent.swift; sourceTree = "<group>"; };
		608EBF9A2C393C2600B862CC /* Button.swift */ = {isa = PBXFileReference; lastKnownFileType = sourcecode.swift; path = Button.swift; sourceTree = "<group>"; };
		60DA570B2B94124F00EDAF30 /* NetworkError.swift */ = {isa = PBXFileReference; lastKnownFileType = sourcecode.swift; path = NetworkError.swift; sourceTree = "<group>"; };
		60DA570D2B94132E00EDAF30 /* Endpoint.swift */ = {isa = PBXFileReference; lastKnownFileType = sourcecode.swift; path = Endpoint.swift; sourceTree = "<group>"; };
		60DA570F2B94147C00EDAF30 /* TargetType.swift */ = {isa = PBXFileReference; lastKnownFileType = sourcecode.swift; path = TargetType.swift; sourceTree = "<group>"; };
		60DA57122B94152000EDAF30 /* HttpHeaderField.swift */ = {isa = PBXFileReference; lastKnownFileType = sourcecode.swift; path = HttpHeaderField.swift; sourceTree = "<group>"; };
		60DB54B02C7272E400AEDFE9 /* NetworkService.swift */ = {isa = PBXFileReference; lastKnownFileType = sourcecode.swift; path = NetworkService.swift; sourceTree = "<group>"; };
		60DB54B42C73763F00AEDFE9 /* ImageRepositoryInterface.swift */ = {isa = PBXFileReference; lastKnownFileType = sourcecode.swift; path = ImageRepositoryInterface.swift; sourceTree = "<group>"; };
		60DB54B72C73788900AEDFE9 /* ImageRepository.swift */ = {isa = PBXFileReference; lastKnownFileType = sourcecode.swift; path = ImageRepository.swift; sourceTree = "<group>"; };
		60DB54BA2C7384D900AEDFE9 /* ManageMainView.swift */ = {isa = PBXFileReference; lastKnownFileType = sourcecode.swift; path = ManageMainView.swift; sourceTree = "<group>"; };
		60DB54BC2C73852900AEDFE9 /* ManageMainViewModel.swift */ = {isa = PBXFileReference; lastKnownFileType = sourcecode.swift; path = ManageMainViewModel.swift; sourceTree = "<group>"; };
		60DB54BE2C73876600AEDFE9 /* ManageListItemView.swift */ = {isa = PBXFileReference; lastKnownFileType = sourcecode.swift; path = ManageListItemView.swift; sourceTree = "<group>"; };
		60DB54C02C7393DB00AEDFE9 /* ManageDetailView.swift */ = {isa = PBXFileReference; lastKnownFileType = sourcecode.swift; path = ManageDetailView.swift; sourceTree = "<group>"; };
		60DB54C22C73940100AEDFE9 /* ManageDetailViewModel.swift */ = {isa = PBXFileReference; lastKnownFileType = sourcecode.swift; path = ManageDetailViewModel.swift; sourceTree = "<group>"; };
		60DB54C42C73BBD600AEDFE9 /* ChallengeDataSource.swift */ = {isa = PBXFileReference; lastKnownFileType = sourcecode.swift; path = ChallengeDataSource.swift; sourceTree = "<group>"; };
		60DB54C62C73BC4D00AEDFE9 /* ChallengeModel.swift */ = {isa = PBXFileReference; lastKnownFileType = sourcecode.swift; path = ChallengeModel.swift; sourceTree = "<group>"; };
		60DB54C82C73BD4F00AEDFE9 /* Challenge.swift */ = {isa = PBXFileReference; lastKnownFileType = sourcecode.swift; path = Challenge.swift; sourceTree = "<group>"; };
		60DB54CA2C73BF5500AEDFE9 /* ChallengeTarget.swift */ = {isa = PBXFileReference; lastKnownFileType = sourcecode.swift; path = ChallengeTarget.swift; sourceTree = "<group>"; };
		60DB54CC2C73C12600AEDFE9 /* ChallengeRepository.swift */ = {isa = PBXFileReference; lastKnownFileType = sourcecode.swift; path = ChallengeRepository.swift; sourceTree = "<group>"; };
		60DB54CE2C73C15200AEDFE9 /* ChallengeRepositoryInterface.swift */ = {isa = PBXFileReference; lastKnownFileType = sourcecode.swift; path = ChallengeRepositoryInterface.swift; sourceTree = "<group>"; };
		60DB54D02C73C1F900AEDFE9 /* GetChallengeUseCase.swift */ = {isa = PBXFileReference; lastKnownFileType = sourcecode.swift; path = GetChallengeUseCase.swift; sourceTree = "<group>"; };
		60E696A22B97BDC9009DD235 /* ViewAssembly.swift */ = {isa = PBXFileReference; lastKnownFileType = sourcecode.swift; path = ViewAssembly.swift; sourceTree = "<group>"; };
		60E696A62B97BE08009DD235 /* ViewModelAssembly.swift */ = {isa = PBXFileReference; lastKnownFileType = sourcecode.swift; path = ViewModelAssembly.swift; sourceTree = "<group>"; };
		60E696A82B97BEAE009DD235 /* DependencyInjector.swift */ = {isa = PBXFileReference; lastKnownFileType = sourcecode.swift; path = DependencyInjector.swift; sourceTree = "<group>"; };
		60E696AC2B97CC88009DD235 /* DataAssembly.swift */ = {isa = PBXFileReference; lastKnownFileType = sourcecode.swift; path = DataAssembly.swift; sourceTree = "<group>"; };
		60E696AE2B97CDE2009DD235 /* DomainAssembly.swift */ = {isa = PBXFileReference; lastKnownFileType = sourcecode.swift; path = DomainAssembly.swift; sourceTree = "<group>"; };
		60E696B02B98958C009DD235 /* ButtonLabelComponent.swift */ = {isa = PBXFileReference; lastKnownFileType = sourcecode.swift; path = ButtonLabelComponent.swift; sourceTree = "<group>"; };
		60E696B42B98C583009DD235 /* Bundle++.swift */ = {isa = PBXFileReference; lastKnownFileType = sourcecode.swift; path = "Bundle++.swift"; sourceTree = "<group>"; };
		60E696B62B98C5AD009DD235 /* PrivateToken.plist */ = {isa = PBXFileReference; lastKnownFileType = text.plist.xml; path = PrivateToken.plist; sourceTree = "<group>"; };
		60E696BA2B9A1BFE009DD235 /* ImageModel.swift */ = {isa = PBXFileReference; lastKnownFileType = sourcecode.swift; path = ImageModel.swift; sourceTree = "<group>"; };
		60E696BC2B9A1ED4009DD235 /* ImageTarget.swift */ = {isa = PBXFileReference; lastKnownFileType = sourcecode.swift; path = ImageTarget.swift; sourceTree = "<group>"; };
		60E696BE2B9A1FC1009DD235 /* ImageDataSource.swift */ = {isa = PBXFileReference; lastKnownFileType = sourcecode.swift; path = ImageDataSource.swift; sourceTree = "<group>"; };
		60EC51FF2B9D99CE002CBCA3 /* View++.swift */ = {isa = PBXFileReference; lastKnownFileType = sourcecode.swift; path = "View++.swift"; sourceTree = "<group>"; };
		60F27DEC2C45691F00711A53 /* QuestModel.swift */ = {isa = PBXFileReference; lastKnownFileType = sourcecode.swift; path = QuestModel.swift; sourceTree = "<group>"; };
		60F27DEE2C45F1A900711A53 /* CommonResponse.swift */ = {isa = PBXFileReference; lastKnownFileType = sourcecode.swift; path = CommonResponse.swift; sourceTree = "<group>"; };
		60F27DF02C45FADC00711A53 /* QuestTarget.swift */ = {isa = PBXFileReference; lastKnownFileType = sourcecode.swift; path = QuestTarget.swift; sourceTree = "<group>"; };
		60F27DF22C45FD0E00711A53 /* QuestDataSource.swift */ = {isa = PBXFileReference; lastKnownFileType = sourcecode.swift; path = QuestDataSource.swift; sourceTree = "<group>"; };
		60F27DF42C4602DD00711A53 /* GetQuestUseCase.swift */ = {isa = PBXFileReference; lastKnownFileType = sourcecode.swift; path = GetQuestUseCase.swift; sourceTree = "<group>"; };
		60F27DF62C46031A00711A53 /* QuestRepositoryInterface.swift */ = {isa = PBXFileReference; lastKnownFileType = sourcecode.swift; path = QuestRepositoryInterface.swift; sourceTree = "<group>"; };
		60F27DF82C46039400711A53 /* QuestRepository.swift */ = {isa = PBXFileReference; lastKnownFileType = sourcecode.swift; path = QuestRepository.swift; sourceTree = "<group>"; };
		60F27DFA2C4616D500711A53 /* PostQuestUseCase.swift */ = {isa = PBXFileReference; lastKnownFileType = sourcecode.swift; path = PostQuestUseCase.swift; sourceTree = "<group>"; };
		60F27DFC2C461B2B00711A53 /* DeleteQuestUseCase.swift */ = {isa = PBXFileReference; lastKnownFileType = sourcecode.swift; path = DeleteQuestUseCase.swift; sourceTree = "<group>"; };
		E5C5039E2B468FDB00F47989 /* MatQ-Admin-Info.plist */ = {isa = PBXFileReference; lastKnownFileType = text.plist.xml; name = "MatQ-Admin-Info.plist"; path = "MatQ_Admin/Resources/MatQ-Admin-Info.plist"; sourceTree = SOURCE_ROOT; };
		E5DD82562B34DCCA00A026C2 /* MatQ_Admin.app */ = {isa = PBXFileReference; explicitFileType = wrapper.application; includeInIndex = 0; path = MatQ_Admin.app; sourceTree = BUILT_PRODUCTS_DIR; };
		E5DD82592B34DCCA00A026C2 /* MatQ_AdminApp.swift */ = {isa = PBXFileReference; lastKnownFileType = sourcecode.swift; path = MatQ_AdminApp.swift; sourceTree = "<group>"; };
		E5DD825B2B34DCCA00A026C2 /* MainView.swift */ = {isa = PBXFileReference; lastKnownFileType = sourcecode.swift; path = MainView.swift; sourceTree = "<group>"; };
		E5DD825D2B34DCCB00A026C2 /* Assets.xcassets */ = {isa = PBXFileReference; lastKnownFileType = folder.assetcatalog; path = Assets.xcassets; sourceTree = "<group>"; };
		E5DD82602B34DCCB00A026C2 /* Preview Assets.xcassets */ = {isa = PBXFileReference; lastKnownFileType = folder.assetcatalog; path = "Preview Assets.xcassets"; sourceTree = "<group>"; };
		E5DD82732B3509A700A026C2 /* PopupComponent.swift */ = {isa = PBXFileReference; lastKnownFileType = sourcecode.swift; path = PopupComponent.swift; sourceTree = "<group>"; };
		E5DD82752B3509F600A026C2 /* InfoComponent.swift */ = {isa = PBXFileReference; lastKnownFileType = sourcecode.swift; path = InfoComponent.swift; sourceTree = "<group>"; };
		E5DD827A2B350A9E00A026C2 /* NavigationStackRouter.swift */ = {isa = PBXFileReference; lastKnownFileType = sourcecode.swift; path = NavigationStackRouter.swift; sourceTree = "<group>"; };
		E5DD827E2B350D7200A026C2 /* NavigationBarComponent.swift */ = {isa = PBXFileReference; lastKnownFileType = sourcecode.swift; path = NavigationBarComponent.swift; sourceTree = "<group>"; };
/* End PBXFileReference section */

/* Begin PBXFrameworksBuildPhase section */
		E5DD82532B34DCCA00A026C2 /* Frameworks */ = {
			isa = PBXFrameworksBuildPhase;
			buildActionMask = 2147483647;
			files = (
				E5C5039B2B467FFD00F47989 /* Alamofire in Frameworks */,
				60EC51F82B9CB075002CBCA3 /* Swinject in Frameworks */,
			);
			runOnlyForDeploymentPostprocessing = 0;
		};
/* End PBXFrameworksBuildPhase section */

/* Begin PBXGroup section */
		60004FEE2C662348009AECF2 /* Helper */ = {
			isa = PBXGroup;
			children = (
				60004FEF2C662365009AECF2 /* ImageDataTransferable.swift */,
			);
			path = Helper;
			sourceTree = "<group>";
		};
		608EBF8B2C38715500B862CC /* Quest */ = {
			isa = PBXGroup;
			children = (
				608EBF8C2C38716100B862CC /* QuestMainView.swift */,
				608EBF902C3871DF00B862CC /* QuestMainViewModel.swift */,
				608EBF8E2C38716900B862CC /* QuestDetailView.swift */,
				608EBF962C390C5200B862CC /* QuestDetailViewModel.swift */,
				608EBF942C38758100B862CC /* QuestItemView.swift */,
			);
			path = Quest;
			sourceTree = "<group>";
		};
		60DA56FD2B940C4500EDAF30 /* App */ = {
			isa = PBXGroup;
			children = (
				E5DD82592B34DCCA00A026C2 /* MatQ_AdminApp.swift */,
				60E696972B97AFBA009DD235 /* DI */,
				60E696B32B98C571009DD235 /* Extension */,
				60004FEE2C662348009AECF2 /* Helper */,
				E5DD82792B350A6A00A026C2 /* Router */,
			);
			path = App;
			sourceTree = "<group>";
		};
		60DA56FE2B940C9C00EDAF30 /* Presentation */ = {
			isa = PBXGroup;
			children = (
				E5DD82722B35099000A026C2 /* Component */,
				E5DD82682B3508BF00A026C2 /* View */,
			);
			path = Presentation;
			sourceTree = "<group>";
		};
		60DA56FF2B940D3300EDAF30 /* Data */ = {
			isa = PBXGroup;
			children = (
				60DA57002B940D3C00EDAF30 /* Network */,
				60DA570A2B94121C00EDAF30 /* DataSource */,
				60DA57022B940D5200EDAF30 /* Repository */,
			);
			path = Data;
			sourceTree = "<group>";
		};
		60DA57002B940D3C00EDAF30 /* Network */ = {
			isa = PBXGroup;
			children = (
				60DA57142B94168A00EDAF30 /* API */,
				60DA57112B94150F00EDAF30 /* Base */,
			);
			path = Network;
			sourceTree = "<group>";
		};
		60DA57022B940D5200EDAF30 /* Repository */ = {
			isa = PBXGroup;
			children = (
				60F27DF82C46039400711A53 /* QuestRepository.swift */,
				60DB54CC2C73C12600AEDFE9 /* ChallengeRepository.swift */,
				60DB54B72C73788900AEDFE9 /* ImageRepository.swift */,
			);
			path = Repository;
			sourceTree = "<group>";
		};
		60DA57032B940D8000EDAF30 /* Domain */ = {
			isa = PBXGroup;
			children = (
				60DA57042B940DAE00EDAF30 /* Entity */,
				60E696922B97A9A3009DD235 /* RepositoryInterface */,
				60DA57052B940DB600EDAF30 /* UseCase */,
			);
			path = Domain;
			sourceTree = "<group>";
		};
		60DA57042B940DAE00EDAF30 /* Entity */ = {
			isa = PBXGroup;
			children = (
				608EBF922C3872D700B862CC /* Quest.swift */,
				60DB54C82C73BD4F00AEDFE9 /* Challenge.swift */,
			);
			path = Entity;
			sourceTree = "<group>";
		};
		60DA57052B940DB600EDAF30 /* UseCase */ = {
			isa = PBXGroup;
			children = (
				60F27DF42C4602DD00711A53 /* GetQuestUseCase.swift */,
				60F27DFA2C4616D500711A53 /* PostQuestUseCase.swift */,
				60F27DFC2C461B2B00711A53 /* DeleteQuestUseCase.swift */,
				60DB54D02C73C1F900AEDFE9 /* GetChallengeUseCase.swift */,
				606329922C7483E8000F4513 /* PatchChallengeUseCase.swift */,
				606329942C748E10000F4513 /* DeleteChallengeUseCase.swift */,
			);
			path = UseCase;
			sourceTree = "<group>";
		};
		60DA57072B9411F500EDAF30 /* Endpoint */ = {
			isa = PBXGroup;
			children = (
				60DA570D2B94132E00EDAF30 /* Endpoint.swift */,
				60004FF12C662495009AECF2 /* NetworkConfiguration.swift */,
			);
			path = Endpoint;
			sourceTree = "<group>";
		};
		60DA570A2B94121C00EDAF30 /* DataSource */ = {
			isa = PBXGroup;
			children = (
				60F27DF22C45FD0E00711A53 /* QuestDataSource.swift */,
				60DB54C42C73BBD600AEDFE9 /* ChallengeDataSource.swift */,
				60E696BE2B9A1FC1009DD235 /* ImageDataSource.swift */,
			);
			path = DataSource;
			sourceTree = "<group>";
		};
		60DA57112B94150F00EDAF30 /* Base */ = {
			isa = PBXGroup;
			children = (
				60DB54B02C7272E400AEDFE9 /* NetworkService.swift */,
				60DA570B2B94124F00EDAF30 /* NetworkError.swift */,
				60F27DEE2C45F1A900711A53 /* CommonResponse.swift */,
				60DA57122B94152000EDAF30 /* HttpHeaderField.swift */,
				60DA570F2B94147C00EDAF30 /* TargetType.swift */,
			);
			path = Base;
			sourceTree = "<group>";
		};
		60DA57142B94168A00EDAF30 /* API */ = {
			isa = PBXGroup;
			children = (
				60DA57172B9416BC00EDAF30 /* DTO */,
				60DA57072B9411F500EDAF30 /* Endpoint */,
				60E6969D2B97B7C1009DD235 /* Target */,
			);
			path = API;
			sourceTree = "<group>";
		};
		60DA57172B9416BC00EDAF30 /* DTO */ = {
			isa = PBXGroup;
			children = (
				60F27DEC2C45691F00711A53 /* QuestModel.swift */,
				60DB54C62C73BC4D00AEDFE9 /* ChallengeModel.swift */,
				60E696BA2B9A1BFE009DD235 /* ImageModel.swift */,
			);
			path = DTO;
			sourceTree = "<group>";
		};
		60DB54B92C7384B400AEDFE9 /* Manage */ = {
			isa = PBXGroup;
			children = (
				60DB54BA2C7384D900AEDFE9 /* ManageMainView.swift */,
				60DB54BC2C73852900AEDFE9 /* ManageMainViewModel.swift */,
				60DB54C02C7393DB00AEDFE9 /* ManageDetailView.swift */,
				60DB54C22C73940100AEDFE9 /* ManageDetailViewModel.swift */,
				60DB54BE2C73876600AEDFE9 /* ManageListItemView.swift */,
			);
			path = Manage;
			sourceTree = "<group>";
		};
		60E696922B97A9A3009DD235 /* RepositoryInterface */ = {
			isa = PBXGroup;
			children = (
				60F27DF62C46031A00711A53 /* QuestRepositoryInterface.swift */,
				60DB54CE2C73C15200AEDFE9 /* ChallengeRepositoryInterface.swift */,
				60DB54B42C73763F00AEDFE9 /* ImageRepositoryInterface.swift */,
			);
			path = RepositoryInterface;
			sourceTree = "<group>";
		};
		60E696972B97AFBA009DD235 /* DI */ = {
			isa = PBXGroup;
			children = (
				608EBF892C38709800B862CC /* AppInject.swift */,
				60E696A82B97BEAE009DD235 /* DependencyInjector.swift */,
				60E696AC2B97CC88009DD235 /* DataAssembly.swift */,
				60E696AE2B97CDE2009DD235 /* DomainAssembly.swift */,
				60E696A22B97BDC9009DD235 /* ViewAssembly.swift */,
				60E696A62B97BE08009DD235 /* ViewModelAssembly.swift */,
			);
			path = DI;
			sourceTree = "<group>";
		};
		60E6969D2B97B7C1009DD235 /* Target */ = {
			isa = PBXGroup;
			children = (
				60E696BC2B9A1ED4009DD235 /* ImageTarget.swift */,
				60F27DF02C45FADC00711A53 /* QuestTarget.swift */,
				60DB54CA2C73BF5500AEDFE9 /* ChallengeTarget.swift */,
			);
			path = Target;
			sourceTree = "<group>";
		};
		60E696B32B98C571009DD235 /* Extension */ = {
			isa = PBXGroup;
			children = (
				60E696B42B98C583009DD235 /* Bundle++.swift */,
				60EC51FF2B9D99CE002CBCA3 /* View++.swift */,
				608EBF9A2C393C2600B862CC /* Button.swift */,
				601048702C652FC20028662D /* UIImage++.swift */,
			);
			path = Extension;
			sourceTree = "<group>";
		};
		60EC51F12B9CAE5A002CBCA3 /* Frameworks */ = {
			isa = PBXGroup;
			children = (
			);
			name = Frameworks;
			sourceTree = "<group>";
		};
		E5DD824D2B34DCCA00A026C2 = {
			isa = PBXGroup;
			children = (
				E5DD82582B34DCCA00A026C2 /* MatQ_Admin */,
				E5DD82572B34DCCA00A026C2 /* Products */,
				60EC51F12B9CAE5A002CBCA3 /* Frameworks */,
			);
			sourceTree = "<group>";
		};
		E5DD82572B34DCCA00A026C2 /* Products */ = {
			isa = PBXGroup;
			children = (
				E5DD82562B34DCCA00A026C2 /* MatQ_Admin.app */,
			);
			name = Products;
			sourceTree = "<group>";
		};
		E5DD82582B34DCCA00A026C2 /* MatQ_Admin */ = {
			isa = PBXGroup;
			children = (
				60DA56FD2B940C4500EDAF30 /* App */,
				60DA56FF2B940D3300EDAF30 /* Data */,
				60DA57032B940D8000EDAF30 /* Domain */,
				60DA56FE2B940C9C00EDAF30 /* Presentation */,
				E5DD82672B3508B100A026C2 /* Resources */,
			);
			path = MatQ_Admin;
			sourceTree = "<group>";
		};
		E5DD825F2B34DCCB00A026C2 /* Preview Content */ = {
			isa = PBXGroup;
			children = (
				E5DD82602B34DCCB00A026C2 /* Preview Assets.xcassets */,
			);
			path = "Preview Content";
			sourceTree = "<group>";
		};
		E5DD82672B3508B100A026C2 /* Resources */ = {
			isa = PBXGroup;
			children = (
				E5DD825F2B34DCCB00A026C2 /* Preview Content */,
				E5DD825D2B34DCCB00A026C2 /* Assets.xcassets */,
				E5C5039E2B468FDB00F47989 /* MatQ-Admin-Info.plist */,
				60E696B62B98C5AD009DD235 /* PrivateToken.plist */,
			);
			path = Resources;
			sourceTree = "<group>";
		};
		E5DD82682B3508BF00A026C2 /* View */ = {
			isa = PBXGroup;
			children = (
				E5DD825B2B34DCCA00A026C2 /* MainView.swift */,
				608EBF8B2C38715500B862CC /* Quest */,
				60DB54B92C7384B400AEDFE9 /* Manage */,
			);
			path = View;
			sourceTree = "<group>";
		};
		E5DD82722B35099000A026C2 /* Component */ = {
			isa = PBXGroup;
			children = (
				E5DD82732B3509A700A026C2 /* PopupComponent.swift */,
				E5DD82752B3509F600A026C2 /* InfoComponent.swift */,
				E5DD827E2B350D7200A026C2 /* NavigationBarComponent.swift */,
				60E696B02B98958C009DD235 /* ButtonLabelComponent.swift */,
				608EBF982C39166F00B862CC /* TextFieldComponent.swift */,
			);
			path = Component;
			sourceTree = "<group>";
		};
		E5DD82792B350A6A00A026C2 /* Router */ = {
			isa = PBXGroup;
			children = (
				E5DD827A2B350A9E00A026C2 /* NavigationStackRouter.swift */,
			);
			path = Router;
			sourceTree = "<group>";
		};
/* End PBXGroup section */

/* Begin PBXNativeTarget section */
		E5DD82552B34DCCA00A026C2 /* MatQ_Admin */ = {
			isa = PBXNativeTarget;
			buildConfigurationList = E5DD82642B34DCCB00A026C2 /* Build configuration list for PBXNativeTarget "MatQ_Admin" */;
			buildPhases = (
				E5DD82522B34DCCA00A026C2 /* Sources */,
				E5DD82532B34DCCA00A026C2 /* Frameworks */,
				E5DD82542B34DCCA00A026C2 /* Resources */,
				60EC51F42B9CAE5A002CBCA3 /* Embed Frameworks */,
			);
			buildRules = (
			);
			dependencies = (
			);
			name = MatQ_Admin;
			packageProductDependencies = (
				E5C5039A2B467FFD00F47989 /* Alamofire */,
			);
			productName = MatQ_Admin;
			productReference = E5DD82562B34DCCA00A026C2 /* MatQ_Admin.app */;
			productType = "com.apple.product-type.application";
		};
/* End PBXNativeTarget section */

/* Begin PBXProject section */
		E5DD824E2B34DCCA00A026C2 /* Project object */ = {
			isa = PBXProject;
			attributes = {
				BuildIndependentTargetsInParallel = 1;
				LastSwiftUpdateCheck = 1510;
				LastUpgradeCheck = 1510;
				TargetAttributes = {
					E5DD82552B34DCCA00A026C2 = {
						CreatedOnToolsVersion = 15.1;
					};
				};
			};
			buildConfigurationList = E5DD82512B34DCCA00A026C2 /* Build configuration list for PBXProject "MatQ_Admin" */;
			compatibilityVersion = "Xcode 14.0";
			developmentRegion = en;
			hasScannedForEncodings = 0;
			knownRegions = (
				en,
				Base,
			);
			mainGroup = E5DD824D2B34DCCA00A026C2;
			packageReferences = (
				E5C503992B467FFD00F47989 /* XCRemoteSwiftPackageReference "Alamofire" */,
				60EC51F62B9CB075002CBCA3 /* XCRemoteSwiftPackageReference "Swinject" */,
			);
			productRefGroup = E5DD82572B34DCCA00A026C2 /* Products */;
			projectDirPath = "";
			projectRoot = "";
			targets = (
				E5DD82552B34DCCA00A026C2 /* MatQ_Admin */,
			);
		};
/* End PBXProject section */

/* Begin PBXResourcesBuildPhase section */
		E5DD82542B34DCCA00A026C2 /* Resources */ = {
			isa = PBXResourcesBuildPhase;
			buildActionMask = 2147483647;
			files = (
				E5DD82612B34DCCB00A026C2 /* Preview Assets.xcassets in Resources */,
				E5DD825E2B34DCCB00A026C2 /* Assets.xcassets in Resources */,
				60E696B72B98C5AD009DD235 /* PrivateToken.plist in Resources */,
			);
			runOnlyForDeploymentPostprocessing = 0;
		};
/* End PBXResourcesBuildPhase section */

/* Begin PBXSourcesBuildPhase section */
		E5DD82522B34DCCA00A026C2 /* Sources */ = {
			isa = PBXSourcesBuildPhase;
			buildActionMask = 2147483647;
			files = (
				608EBF9B2C393C2600B862CC /* Button.swift in Sources */,
				60F27DF32C45FD0E00711A53 /* QuestDataSource.swift in Sources */,
				E5DD82742B3509A700A026C2 /* PopupComponent.swift in Sources */,
				608EBF8F2C38716900B862CC /* QuestDetailView.swift in Sources */,
				606329932C7483E8000F4513 /* PatchChallengeUseCase.swift in Sources */,
				60DB54C12C7393DB00AEDFE9 /* ManageDetailView.swift in Sources */,
				60E696B12B98958C009DD235 /* ButtonLabelComponent.swift in Sources */,
				60F27DF12C45FADC00711A53 /* QuestTarget.swift in Sources */,
				60DB54C72C73BC4D00AEDFE9 /* ChallengeModel.swift in Sources */,
				E5DD827B2B350A9E00A026C2 /* NavigationStackRouter.swift in Sources */,
				60F27DFD2C461B2B00711A53 /* DeleteQuestUseCase.swift in Sources */,
				608EBF972C390C5200B862CC /* QuestDetailViewModel.swift in Sources */,
				608EBF952C38758100B862CC /* QuestItemView.swift in Sources */,
				60E696AF2B97CDE2009DD235 /* DomainAssembly.swift in Sources */,
				608EBF932C3872D700B862CC /* Quest.swift in Sources */,
				60DA570C2B94124F00EDAF30 /* NetworkError.swift in Sources */,
				60F27DED2C45691F00711A53 /* QuestModel.swift in Sources */,
				60DB54CD2C73C12600AEDFE9 /* ChallengeRepository.swift in Sources */,
				608EBF8D2C38716100B862CC /* QuestMainView.swift in Sources */,
				60DB54B12C7272E400AEDFE9 /* NetworkService.swift in Sources */,
				60F27DFB2C4616D500711A53 /* PostQuestUseCase.swift in Sources */,
				E5DD825C2B34DCCA00A026C2 /* MainView.swift in Sources */,
				608EBF912C3871DF00B862CC /* QuestMainViewModel.swift in Sources */,
				60004FF22C662495009AECF2 /* NetworkConfiguration.swift in Sources */,
				60EC52002B9D99CE002CBCA3 /* View++.swift in Sources */,
				60E696A72B97BE08009DD235 /* ViewModelAssembly.swift in Sources */,
				60DB54D12C73C1F900AEDFE9 /* GetChallengeUseCase.swift in Sources */,
				60DA570E2B94132E00EDAF30 /* Endpoint.swift in Sources */,
				606329952C748E10000F4513 /* DeleteChallengeUseCase.swift in Sources */,
				60E696A92B97BEAE009DD235 /* DependencyInjector.swift in Sources */,
				60DA57132B94152000EDAF30 /* HttpHeaderField.swift in Sources */,
				60DA57102B94147C00EDAF30 /* TargetType.swift in Sources */,
				60DB54B52C73763F00AEDFE9 /* ImageRepositoryInterface.swift in Sources */,
				60E696B52B98C583009DD235 /* Bundle++.swift in Sources */,
				60E696A32B97BDC9009DD235 /* ViewAssembly.swift in Sources */,
				60DB54C92C73BD4F00AEDFE9 /* Challenge.swift in Sources */,
				60F27DEF2C45F1A900711A53 /* CommonResponse.swift in Sources */,
				601048712C652FC20028662D /* UIImage++.swift in Sources */,
				60F27DF72C46031A00711A53 /* QuestRepositoryInterface.swift in Sources */,
				60DB54BB2C7384D900AEDFE9 /* ManageMainView.swift in Sources */,
				60004FF02C662365009AECF2 /* ImageDataTransferable.swift in Sources */,
				60DB54BF2C73876600AEDFE9 /* ManageListItemView.swift in Sources */,
				60DB54C32C73940100AEDFE9 /* ManageDetailViewModel.swift in Sources */,
				60E696BD2B9A1ED4009DD235 /* ImageTarget.swift in Sources */,
				60E696BF2B9A1FC1009DD235 /* ImageDataSource.swift in Sources */,
				608EBF992C39166F00B862CC /* TextFieldComponent.swift in Sources */,
				60F27DF52C4602DD00711A53 /* GetQuestUseCase.swift in Sources */,
				60DB54C52C73BBD600AEDFE9 /* ChallengeDataSource.swift in Sources */,
				60DB54CF2C73C15200AEDFE9 /* ChallengeRepositoryInterface.swift in Sources */,
				608EBF8A2C38709800B862CC /* AppInject.swift in Sources */,
				E5DD82762B3509F600A026C2 /* InfoComponent.swift in Sources */,
				E5DD825A2B34DCCA00A026C2 /* MatQ_AdminApp.swift in Sources */,
				60DB54B82C73788900AEDFE9 /* ImageRepository.swift in Sources */,
				60DB54BD2C73852900AEDFE9 /* ManageMainViewModel.swift in Sources */,
				60F27DF92C46039400711A53 /* QuestRepository.swift in Sources */,
				60DB54CB2C73BF5500AEDFE9 /* ChallengeTarget.swift in Sources */,
				60E696BB2B9A1BFE009DD235 /* ImageModel.swift in Sources */,
				60E696AD2B97CC88009DD235 /* DataAssembly.swift in Sources */,
				E5DD827F2B350D7200A026C2 /* NavigationBarComponent.swift in Sources */,
			);
			runOnlyForDeploymentPostprocessing = 0;
		};
/* End PBXSourcesBuildPhase section */

/* Begin XCBuildConfiguration section */
		E5DD82622B34DCCB00A026C2 /* Debug */ = {
			isa = XCBuildConfiguration;
			buildSettings = {
				ALWAYS_SEARCH_USER_PATHS = NO;
				ASSETCATALOG_COMPILER_GENERATE_SWIFT_ASSET_SYMBOL_EXTENSIONS = YES;
				CLANG_ANALYZER_NONNULL = YES;
				CLANG_ANALYZER_NUMBER_OBJECT_CONVERSION = YES_AGGRESSIVE;
				CLANG_CXX_LANGUAGE_STANDARD = "gnu++20";
				CLANG_ENABLE_MODULES = YES;
				CLANG_ENABLE_OBJC_ARC = YES;
				CLANG_ENABLE_OBJC_WEAK = YES;
				CLANG_WARN_BLOCK_CAPTURE_AUTORELEASING = YES;
				CLANG_WARN_BOOL_CONVERSION = YES;
				CLANG_WARN_COMMA = YES;
				CLANG_WARN_CONSTANT_CONVERSION = YES;
				CLANG_WARN_DEPRECATED_OBJC_IMPLEMENTATIONS = YES;
				CLANG_WARN_DIRECT_OBJC_ISA_USAGE = YES_ERROR;
				CLANG_WARN_DOCUMENTATION_COMMENTS = YES;
				CLANG_WARN_EMPTY_BODY = YES;
				CLANG_WARN_ENUM_CONVERSION = YES;
				CLANG_WARN_INFINITE_RECURSION = YES;
				CLANG_WARN_INT_CONVERSION = YES;
				CLANG_WARN_NON_LITERAL_NULL_CONVERSION = YES;
				CLANG_WARN_OBJC_IMPLICIT_RETAIN_SELF = YES;
				CLANG_WARN_OBJC_LITERAL_CONVERSION = YES;
				CLANG_WARN_OBJC_ROOT_CLASS = YES_ERROR;
				CLANG_WARN_QUOTED_INCLUDE_IN_FRAMEWORK_HEADER = YES;
				CLANG_WARN_RANGE_LOOP_ANALYSIS = YES;
				CLANG_WARN_STRICT_PROTOTYPES = YES;
				CLANG_WARN_SUSPICIOUS_MOVE = YES;
				CLANG_WARN_UNGUARDED_AVAILABILITY = YES_AGGRESSIVE;
				CLANG_WARN_UNREACHABLE_CODE = YES;
				CLANG_WARN__DUPLICATE_METHOD_MATCH = YES;
				COPY_PHASE_STRIP = NO;
				DEBUG_INFORMATION_FORMAT = dwarf;
				ENABLE_STRICT_OBJC_MSGSEND = YES;
				ENABLE_TESTABILITY = YES;
				ENABLE_USER_SCRIPT_SANDBOXING = YES;
				GCC_C_LANGUAGE_STANDARD = gnu17;
				GCC_DYNAMIC_NO_PIC = NO;
				GCC_NO_COMMON_BLOCKS = YES;
				GCC_OPTIMIZATION_LEVEL = 0;
				GCC_PREPROCESSOR_DEFINITIONS = (
					"DEBUG=1",
					"$(inherited)",
				);
				GCC_WARN_64_TO_32_BIT_CONVERSION = YES;
				GCC_WARN_ABOUT_RETURN_TYPE = YES_ERROR;
				GCC_WARN_UNDECLARED_SELECTOR = YES;
				GCC_WARN_UNINITIALIZED_AUTOS = YES_AGGRESSIVE;
				GCC_WARN_UNUSED_FUNCTION = YES;
				GCC_WARN_UNUSED_VARIABLE = YES;
				IPHONEOS_DEPLOYMENT_TARGET = 17.0;
				LOCALIZATION_PREFERS_STRING_CATALOGS = YES;
				MTL_ENABLE_DEBUG_INFO = INCLUDE_SOURCE;
				MTL_FAST_MATH = YES;
				ONLY_ACTIVE_ARCH = YES;
				SDKROOT = iphoneos;
				SWIFT_ACTIVE_COMPILATION_CONDITIONS = "DEBUG $(inherited)";
				SWIFT_OPTIMIZATION_LEVEL = "-Onone";
			};
			name = Debug;
		};
		E5DD82632B34DCCB00A026C2 /* Release */ = {
			isa = XCBuildConfiguration;
			buildSettings = {
				ALWAYS_SEARCH_USER_PATHS = NO;
				ASSETCATALOG_COMPILER_GENERATE_SWIFT_ASSET_SYMBOL_EXTENSIONS = YES;
				CLANG_ANALYZER_NONNULL = YES;
				CLANG_ANALYZER_NUMBER_OBJECT_CONVERSION = YES_AGGRESSIVE;
				CLANG_CXX_LANGUAGE_STANDARD = "gnu++20";
				CLANG_ENABLE_MODULES = YES;
				CLANG_ENABLE_OBJC_ARC = YES;
				CLANG_ENABLE_OBJC_WEAK = YES;
				CLANG_WARN_BLOCK_CAPTURE_AUTORELEASING = YES;
				CLANG_WARN_BOOL_CONVERSION = YES;
				CLANG_WARN_COMMA = YES;
				CLANG_WARN_CONSTANT_CONVERSION = YES;
				CLANG_WARN_DEPRECATED_OBJC_IMPLEMENTATIONS = YES;
				CLANG_WARN_DIRECT_OBJC_ISA_USAGE = YES_ERROR;
				CLANG_WARN_DOCUMENTATION_COMMENTS = YES;
				CLANG_WARN_EMPTY_BODY = YES;
				CLANG_WARN_ENUM_CONVERSION = YES;
				CLANG_WARN_INFINITE_RECURSION = YES;
				CLANG_WARN_INT_CONVERSION = YES;
				CLANG_WARN_NON_LITERAL_NULL_CONVERSION = YES;
				CLANG_WARN_OBJC_IMPLICIT_RETAIN_SELF = YES;
				CLANG_WARN_OBJC_LITERAL_CONVERSION = YES;
				CLANG_WARN_OBJC_ROOT_CLASS = YES_ERROR;
				CLANG_WARN_QUOTED_INCLUDE_IN_FRAMEWORK_HEADER = YES;
				CLANG_WARN_RANGE_LOOP_ANALYSIS = YES;
				CLANG_WARN_STRICT_PROTOTYPES = YES;
				CLANG_WARN_SUSPICIOUS_MOVE = YES;
				CLANG_WARN_UNGUARDED_AVAILABILITY = YES_AGGRESSIVE;
				CLANG_WARN_UNREACHABLE_CODE = YES;
				CLANG_WARN__DUPLICATE_METHOD_MATCH = YES;
				COPY_PHASE_STRIP = NO;
				DEBUG_INFORMATION_FORMAT = "dwarf-with-dsym";
				ENABLE_NS_ASSERTIONS = NO;
				ENABLE_STRICT_OBJC_MSGSEND = YES;
				ENABLE_USER_SCRIPT_SANDBOXING = YES;
				GCC_C_LANGUAGE_STANDARD = gnu17;
				GCC_NO_COMMON_BLOCKS = YES;
				GCC_WARN_64_TO_32_BIT_CONVERSION = YES;
				GCC_WARN_ABOUT_RETURN_TYPE = YES_ERROR;
				GCC_WARN_UNDECLARED_SELECTOR = YES;
				GCC_WARN_UNINITIALIZED_AUTOS = YES_AGGRESSIVE;
				GCC_WARN_UNUSED_FUNCTION = YES;
				GCC_WARN_UNUSED_VARIABLE = YES;
				IPHONEOS_DEPLOYMENT_TARGET = 17.0;
				LOCALIZATION_PREFERS_STRING_CATALOGS = YES;
				MTL_ENABLE_DEBUG_INFO = NO;
				MTL_FAST_MATH = YES;
				ONLY_ACTIVE_ARCH = YES;
				SDKROOT = iphoneos;
				SWIFT_COMPILATION_MODE = wholemodule;
				VALIDATE_PRODUCT = YES;
			};
			name = Release;
		};
		E5DD82652B34DCCB00A026C2 /* Debug */ = {
			isa = XCBuildConfiguration;
			buildSettings = {
				ASSETCATALOG_COMPILER_APPICON_NAME = AppIcon;
				ASSETCATALOG_COMPILER_GLOBAL_ACCENT_COLOR_NAME = AccentColor;
				CODE_SIGN_IDENTITY = "Apple Development";
				CODE_SIGN_STYLE = Automatic;
				CURRENT_PROJECT_VERSION = 3;
				DEVELOPMENT_ASSET_PATHS = "\"MatQ_Admin/Resources/Preview Content\"";
				DEVELOPMENT_TEAM = VJUK3HBJ2M;
				ENABLE_PREVIEWS = YES;
				EXCLUDED_ARCHS = "";
				GENERATE_INFOPLIST_FILE = YES;
				INFOPLIST_FILE = "MatQ_Admin/Resources/MatQ-Admin-Info.plist";
				INFOPLIST_KEY_CFBundleDisplayName = "일상 관리자";
				INFOPLIST_KEY_LSApplicationCategoryType = "public.app-category.utilities";
				INFOPLIST_KEY_UIApplicationSceneManifest_Generation = YES;
				INFOPLIST_KEY_UIApplicationSupportsIndirectInputEvents = YES;
				INFOPLIST_KEY_UILaunchScreen_Generation = YES;
				INFOPLIST_KEY_UISupportedInterfaceOrientations_iPad = "UIInterfaceOrientationPortrait UIInterfaceOrientationPortraitUpsideDown UIInterfaceOrientationLandscapeLeft UIInterfaceOrientationLandscapeRight";
				INFOPLIST_KEY_UISupportedInterfaceOrientations_iPhone = "UIInterfaceOrientationPortrait UIInterfaceOrientationLandscapeLeft UIInterfaceOrientationLandscapeRight";
				IPHONEOS_DEPLOYMENT_TARGET = 17.0;
				LD_RUNPATH_SEARCH_PATHS = (
					"$(inherited)",
					"@executable_path/Frameworks",
				);
				MARKETING_VERSION = 1.1.2;
				ONLY_ACTIVE_ARCH = YES;
				PRODUCT_BUNDLE_IDENTIFIER = "com.teamfair.MatQ-Admin";
				PRODUCT_NAME = "$(TARGET_NAME)";
				PROVISIONING_PROFILE_SPECIFIER = "";
				SUPPORTED_PLATFORMS = "iphoneos iphonesimulator";
				SUPPORTS_MACCATALYST = NO;
				SUPPORTS_MAC_DESIGNED_FOR_IPHONE_IPAD = NO;
				SWIFT_EMIT_LOC_STRINGS = YES;
				SWIFT_VERSION = 5.0;
				TARGETED_DEVICE_FAMILY = "1,2";
				VERSIONING_SYSTEM = "apple-generic";
			};
			name = Debug;
		};
		E5DD82662B34DCCB00A026C2 /* Release */ = {
			isa = XCBuildConfiguration;
			buildSettings = {
				ASSETCATALOG_COMPILER_APPICON_NAME = AppIcon;
				ASSETCATALOG_COMPILER_GLOBAL_ACCENT_COLOR_NAME = AccentColor;
				CODE_SIGN_IDENTITY = "Apple Development";
				CODE_SIGN_STYLE = Automatic;
				CURRENT_PROJECT_VERSION = 3;
				DEVELOPMENT_ASSET_PATHS = "\"MatQ_Admin/Resources/Preview Content\"";
				DEVELOPMENT_TEAM = VJUK3HBJ2M;
				ENABLE_PREVIEWS = YES;
				GENERATE_INFOPLIST_FILE = YES;
				INFOPLIST_FILE = "MatQ_Admin/Resources/MatQ-Admin-Info.plist";
				INFOPLIST_KEY_CFBundleDisplayName = "일상 관리자";
				INFOPLIST_KEY_LSApplicationCategoryType = "public.app-category.utilities";
				INFOPLIST_KEY_UIApplicationSceneManifest_Generation = YES;
				INFOPLIST_KEY_UIApplicationSupportsIndirectInputEvents = YES;
				INFOPLIST_KEY_UILaunchScreen_Generation = YES;
				INFOPLIST_KEY_UISupportedInterfaceOrientations_iPad = "UIInterfaceOrientationPortrait UIInterfaceOrientationPortraitUpsideDown UIInterfaceOrientationLandscapeLeft UIInterfaceOrientationLandscapeRight";
				INFOPLIST_KEY_UISupportedInterfaceOrientations_iPhone = "UIInterfaceOrientationPortrait UIInterfaceOrientationLandscapeLeft UIInterfaceOrientationLandscapeRight";
				IPHONEOS_DEPLOYMENT_TARGET = 17.0;
				LD_RUNPATH_SEARCH_PATHS = (
					"$(inherited)",
					"@executable_path/Frameworks",
				);
				MARKETING_VERSION = 1.1.2;
				ONLY_ACTIVE_ARCH = YES;
				PRODUCT_BUNDLE_IDENTIFIER = "com.teamfair.MatQ-Admin";
				PRODUCT_NAME = "$(TARGET_NAME)";
				PROVISIONING_PROFILE_SPECIFIER = "";
				SUPPORTED_PLATFORMS = "iphoneos iphonesimulator";
				SUPPORTS_MACCATALYST = NO;
				SUPPORTS_MAC_DESIGNED_FOR_IPHONE_IPAD = NO;
				SWIFT_EMIT_LOC_STRINGS = YES;
				SWIFT_VERSION = 5.0;
				TARGETED_DEVICE_FAMILY = "1,2";
				VERSIONING_SYSTEM = "apple-generic";
			};
			name = Release;
		};
/* End XCBuildConfiguration section */

/* Begin XCConfigurationList section */
		E5DD82512B34DCCA00A026C2 /* Build configuration list for PBXProject "MatQ_Admin" */ = {
			isa = XCConfigurationList;
			buildConfigurations = (
				E5DD82622B34DCCB00A026C2 /* Debug */,
				E5DD82632B34DCCB00A026C2 /* Release */,
			);
			defaultConfigurationIsVisible = 0;
			defaultConfigurationName = Release;
		};
		E5DD82642B34DCCB00A026C2 /* Build configuration list for PBXNativeTarget "MatQ_Admin" */ = {
			isa = XCConfigurationList;
			buildConfigurations = (
				E5DD82652B34DCCB00A026C2 /* Debug */,
				E5DD82662B34DCCB00A026C2 /* Release */,
			);
			defaultConfigurationIsVisible = 0;
			defaultConfigurationName = Release;
		};
/* End XCConfigurationList section */

/* Begin XCRemoteSwiftPackageReference section */
		60EC51F62B9CB075002CBCA3 /* XCRemoteSwiftPackageReference "Swinject" */ = {
			isa = XCRemoteSwiftPackageReference;
			repositoryURL = "https://github.com/Swinject/Swinject";
			requirement = {
				kind = upToNextMajorVersion;
				minimumVersion = 2.8.4;
			};
		};
		E5C503992B467FFD00F47989 /* XCRemoteSwiftPackageReference "Alamofire" */ = {
			isa = XCRemoteSwiftPackageReference;
			repositoryURL = "https://github.com/Alamofire/Alamofire.git";
			requirement = {
				kind = upToNextMajorVersion;
				minimumVersion = 5.8.1;
			};
		};
/* End XCRemoteSwiftPackageReference section */

/* Begin XCSwiftPackageProductDependency section */
		60EC51F72B9CB075002CBCA3 /* Swinject */ = {
			isa = XCSwiftPackageProductDependency;
			package = 60EC51F62B9CB075002CBCA3 /* XCRemoteSwiftPackageReference "Swinject" */;
			productName = Swinject;
		};
		E5C5039A2B467FFD00F47989 /* Alamofire */ = {
			isa = XCSwiftPackageProductDependency;
			package = E5C503992B467FFD00F47989 /* XCRemoteSwiftPackageReference "Alamofire" */;
			productName = Alamofire;
		};
/* End XCSwiftPackageProductDependency section */
	};
	rootObject = E5DD824E2B34DCCA00A026C2 /* Project object */;
}
